
Microsoft Visual Studio Solution File, Format Version 12.00
Project("{FAE04EC0-301F-11D3-BF4B-00C04F79EFBC}") = "DungeonWorld.Game", "DungeonWorld.Game\DungeonWorld.Game.csproj", "{45E03C2D-4377-4C1C-8168-CC578C433D06}"
EndProject
Project("{FAE04EC0-301F-11D3-BF4B-00C04F79EFBC}") = "MicroEcs.Dungeon", "MicroEcs.Dungeon\MicroEcs.Dungeon.csproj", "{4B7F2014-00E5-4D51-B2AF-F778B0C051E1}"
EndProject
Project("{2150E333-8FDC-42A3-9474-1A3956D46DE8}") = "MicroEcs", "MicroEcs", "{257E39C7-C6FD-C590-1756-BD9377A1288A}"
EndProject
Project("{2150E333-8FDC-42A3-9474-1A3956D46DE8}") = "src", "src", "{7F55666F-20BB-F4AC-408A-6E45B83B2049}"
EndProject
Project("{FAE04EC0-301F-11D3-BF4B-00C04F79EFBC}") = "MicroEcs", "MicroEcs\src\MicroEcs\MicroEcs.csproj", "{0F28909E-1DE3-4BC6-AA0B-C5DECCD50ABF}"
EndProject
Project("{FAE04EC0-301F-11D3-BF4B-00C04F79EFBC}") = "MicroEcs.Benchmarks", "MicroEcs\src\MicroEcs.Benchmarks\MicroEcs.Benchmarks.csproj", "{4A242280-F6B8-4CFF-B20C-49B5976B14FB}"
EndProject
Project("{2150E333-8FDC-42A3-9474-1A3956D46DE8}") = "tests", "tests", "{6AC05040-D821-A827-AC68-E406E94D24B7}"
EndProject
Project("{FAE04EC0-301F-11D3-BF4B-00C04F79EFBC}") = "MicroEcs.Tests", "MicroEcs\tests\MicroEcs.Tests\MicroEcs.Tests.csproj", "{3AF716A5-E1B9-47D3-AB89-CD6E1D3691CA}"
EndProject
Global
	GlobalSection(SolutionConfigurationPlatforms) = preSolution
		Debug|Any CPU = Debug|Any CPU
		Debug|x64 = Debug|x64
		Debug|x86 = Debug|x86
		Release|Any CPU = Release|Any CPU
		Release|x64 = Release|x64
		Release|x86 = Release|x86
	EndGlobalSection
	GlobalSection(ProjectConfigurationPlatforms) = postSolution
		{45E03C2D-4377-4C1C-8168-CC578C433D06}.Debug|Any CPU.ActiveCfg = Debug|Any CPU
		{45E03C2D-4377-4C1C-8168-CC578C433D06}.Debug|Any CPU.Build.0 = Debug|Any CPU
		{45E03C2D-4377-4C1C-8168-CC578C433D06}.Debug|x64.ActiveCfg = Debug|Any CPU
		{45E03C2D-4377-4C1C-8168-CC578C433D06}.Debug|x64.Build.0 = Debug|Any CPU
		{45E03C2D-4377-4C1C-8168-CC578C433D06}.Debug|x86.ActiveCfg = Debug|Any CPU
		{45E03C2D-4377-4C1C-8168-CC578C433D06}.Debug|x86.Build.0 = Debug|Any CPU
		{45E03C2D-4377-4C1C-8168-CC578C433D06}.Release|Any CPU.ActiveCfg = Release|Any CPU
		{45E03C2D-4377-4C1C-8168-CC578C433D06}.Release|Any CPU.Build.0 = Release|Any CPU
		{45E03C2D-4377-4C1C-8168-CC578C433D06}.Release|x64.ActiveCfg = Release|Any CPU
		{45E03C2D-4377-4C1C-8168-CC578C433D06}.Release|x64.Build.0 = Release|Any CPU
		{45E03C2D-4377-4C1C-8168-CC578C433D06}.Release|x86.ActiveCfg = Release|Any CPU
		{45E03C2D-4377-4C1C-8168-CC578C433D06}.Release|x86.Build.0 = Release|Any CPU
		{4B7F2014-00E5-4D51-B2AF-F778B0C051E1}.Debug|Any CPU.ActiveCfg = Debug|Any CPU
		{4B7F2014-00E5-4D51-B2AF-F778B0C051E1}.Debug|Any CPU.Build.0 = Debug|Any CPU
		{4B7F2014-00E5-4D51-B2AF-F778B0C051E1}.Debug|x64.ActiveCfg = Debug|Any CPU
		{4B7F2014-00E5-4D51-B2AF-F778B0C051E1}.Debug|x64.Build.0 = Debug|Any CPU
		{4B7F2014-00E5-4D51-B2AF-F778B0C051E1}.Debug|x86.ActiveCfg = Debug|Any CPU
		{4B7F2014-00E5-4D51-B2AF-F778B0C051E1}.Debug|x86.Build.0 = Debug|Any CPU
		{4B7F2014-00E5-4D51-B2AF-F778B0C051E1}.Release|Any CPU.ActiveCfg = Release|Any CPU
		{4B7F2014-00E5-4D51-B2AF-F778B0C051E1}.Release|Any CPU.Build.0 = Release|Any CPU
		{4B7F2014-00E5-4D51-B2AF-F778B0C051E1}.Release|x64.ActiveCfg = Release|Any CPU
		{4B7F2014-00E5-4D51-B2AF-F778B0C051E1}.Release|x64.Build.0 = Release|Any CPU
		{4B7F2014-00E5-4D51-B2AF-F778B0C051E1}.Release|x86.ActiveCfg = Release|Any CPU
		{4B7F2014-00E5-4D51-B2AF-F778B0C051E1}.Release|x86.Build.0 = Release|Any CPU
		{0F28909E-1DE3-4BC6-AA0B-C5DECCD50ABF}.Debug|Any CPU.ActiveCfg = Debug|Any CPU
		{0F28909E-1DE3-4BC6-AA0B-C5DECCD50ABF}.Debug|Any CPU.Build.0 = Debug|Any CPU
		{0F28909E-1DE3-4BC6-AA0B-C5DECCD50ABF}.Debug|x64.ActiveCfg = Debug|Any CPU
		{0F28909E-1DE3-4BC6-AA0B-C5DECCD50ABF}.Debug|x64.Build.0 = Debug|Any CPU
		{0F28909E-1DE3-4BC6-AA0B-C5DECCD50ABF}.Debug|x86.ActiveCfg = Debug|Any CPU
		{0F28909E-1DE3-4BC6-AA0B-C5DECCD50ABF}.Debug|x86.Build.0 = Debug|Any CPU
		{0F28909E-1DE3-4BC6-AA0B-C5DECCD50ABF}.Release|Any CPU.ActiveCfg = Release|Any CPU
		{0F28909E-1DE3-4BC6-AA0B-C5DECCD50ABF}.Release|Any CPU.Build.0 = Release|Any CPU
		{0F28909E-1DE3-4BC6-AA0B-C5DECCD50ABF}.Release|x64.ActiveCfg = Release|Any CPU
		{0F28909E-1DE3-4BC6-AA0B-C5DECCD50ABF}.Release|x64.Build.0 = Release|Any CPU
		{0F28909E-1DE3-4BC6-AA0B-C5DECCD50ABF}.Release|x86.ActiveCfg = Release|Any CPU
		{0F28909E-1DE3-4BC6-AA0B-C5DECCD50ABF}.Release|x86.Build.0 = Release|Any CPU
		{4A242280-F6B8-4CFF-B20C-49B5976B14FB}.Debug|Any CPU.ActiveCfg = Debug|Any CPU
		{4A242280-F6B8-4CFF-B20C-49B5976B14FB}.Debug|Any CPU.Build.0 = Debug|Any CPU
		{4A242280-F6B8-4CFF-B20C-49B5976B14FB}.Debug|x64.ActiveCfg = Debug|Any CPU
		{4A242280-F6B8-4CFF-B20C-49B5976B14FB}.Debug|x64.Build.0 = Debug|Any CPU
		{4A242280-F6B8-4CFF-B20C-49B5976B14FB}.Debug|x86.ActiveCfg = Debug|Any CPU
		{4A242280-F6B8-4CFF-B20C-49B5976B14FB}.Debug|x86.Build.0 = Debug|Any CPU
		{4A242280-F6B8-4CFF-B20C-49B5976B14FB}.Release|Any CPU.ActiveCfg = Release|Any CPU
		{4A242280-F6B8-4CFF-B20C-49B5976B14FB}.Release|Any CPU.Build.0 = Release|Any CPU
		{4A242280-F6B8-4CFF-B20C-49B5976B14FB}.Release|x64.ActiveCfg = Release|Any CPU
		{4A242280-F6B8-4CFF-B20C-49B5976B14FB}.Release|x64.Build.0 = Release|Any CPU
		{4A242280-F6B8-4CFF-B20C-49B5976B14FB}.Release|x86.ActiveCfg = Release|Any CPU
		{4A242280-F6B8-4CFF-B20C-49B5976B14FB}.Release|x86.Build.0 = Release|Any CPU
		{3AF716A5-E1B9-47D3-AB89-CD6E1D3691CA}.Debug|Any CPU.ActiveCfg = Debug|Any CPU
		{3AF716A5-E1B9-47D3-AB89-CD6E1D3691CA}.Debug|Any CPU.Build.0 = Debug|Any CPU
		{3AF716A5-E1B9-47D3-AB89-CD6E1D3691CA}.Debug|x64.ActiveCfg = Debug|Any CPU
		{3AF716A5-E1B9-47D3-AB89-CD6E1D3691CA}.Debug|x64.Build.0 = Debug|Any CPU
		{3AF716A5-E1B9-47D3-AB89-CD6E1D3691CA}.Debug|x86.ActiveCfg = Debug|Any CPU
		{3AF716A5-E1B9-47D3-AB89-CD6E1D3691CA}.Debug|x86.Build.0 = Debug|Any CPU
		{3AF716A5-E1B9-47D3-AB89-CD6E1D3691CA}.Release|Any CPU.ActiveCfg = Release|Any CPU
		{3AF716A5-E1B9-47D3-AB89-CD6E1D3691CA}.Release|Any CPU.Build.0 = Release|Any CPU
		{3AF716A5-E1B9-47D3-AB89-CD6E1D3691CA}.Release|x64.ActiveCfg = Release|Any CPU
		{3AF716A5-E1B9-47D3-AB89-CD6E1D3691CA}.Release|x64.Build.0 = Release|Any CPU
		{3AF716A5-E1B9-47D3-AB89-CD6E1D3691CA}.Release|x86.ActiveCfg = Release|Any CPU
		{3AF716A5-E1B9-47D3-AB89-CD6E1D3691CA}.Release|x86.Build.0 = Release|Any CPU
	EndGlobalSection
	GlobalSection(SolutionProperties) = preSolution
		HideSolutionNode = FALSE
	EndGlobalSection
	GlobalSection(NestedProjects) = preSolution
		{7F55666F-20BB-F4AC-408A-6E45B83B2049} = {257E39C7-C6FD-C590-1756-BD9377A1288A}
		{0F28909E-1DE3-4BC6-AA0B-C5DECCD50ABF} = {7F55666F-20BB-F4AC-408A-6E45B83B2049}
		{4A242280-F6B8-4CFF-B20C-49B5976B14FB} = {7F55666F-20BB-F4AC-408A-6E45B83B2049}
		{6AC05040-D821-A827-AC68-E406E94D24B7} = {257E39C7-C6FD-C590-1756-BD9377A1288A}
		{3AF716A5-E1B9-47D3-AB89-CD6E1D3691CA} = {6AC05040-D821-A827-AC68-E406E94D24B7}
	EndGlobalSection
EndGlobal
